
Microsoft Visual Studio Solution File, Format Version 12.00
# Visual Studio Version 16
VisualStudioVersion = 16.0.32929.386
MinimumVisualStudioVersion = 10.0.40219.1
Project("{8BC9CEB8-8B4A-11D0-8D11-00A0C91BC942}") = "WS2Partie1", "WS2Partie1\WS2Partie1.vcxproj", "{6594BA00-DF88-4BAE-BA48-62642482352D}"
EndProject
Global
	GlobalSection(SolutionConfigurationPlatforms) = preSolution
		Debug|x64 = Debug|x64
		Debug|x86 = Debug|x86
		Release|x64 = Release|x64
		Release|x86 = Release|x86
	EndGlobalSection
	GlobalSection(ProjectConfigurationPlatforms) = postSolution
		{6594BA00-DF88-4BAE-BA48-62642482352D}.Debug|x64.ActiveCfg = Debug|x64
		{6594BA00-DF88-4BAE-BA48-62642482352D}.Debug|x64.Build.0 = Debug|x64
		{6594BA00-DF88-4BAE-BA48-62642482352D}.Debug|x86.ActiveCfg = Debug|Win32
		{6594BA00-DF88-4BAE-BA48-62642482352D}.Debug|x86.Build.0 = Debug|Win32
		{6594BA00-DF88-4BAE-BA48-62642482352D}.Release|x64.ActiveCfg = Release|x64
		{6594BA00-DF88-4BAE-BA48-62642482352D}.Release|x64.Build.0 = Release|x64
		{6594BA00-DF88-4BAE-BA48-62642482352D}.Release|x86.ActiveCfg = Release|Win32
		{6594BA00-DF88-4BAE-BA48-62642482352D}.Release|x86.Build.0 = Release|Win32
	EndGlobalSection
	GlobalSection(SolutionProperties) = preSolution
		HideSolutionNode = FALSE
	EndGlobalSection
	GlobalSection(ExtensibilityGlobals) = postSolution
		SolutionGuid = {CF5A2ADE-AA00-4AC7-9AFC-D4948F9C9777}
	EndGlobalSection
EndGlobal
